
Microsoft Visual Studio Solution File, Format Version 12.00
# Visual Studio Version 16
VisualStudioVersion = 16.0.30907.101
MinimumVisualStudioVersion = 15.0.26124.0
Project("{9A19103F-16F7-4668-BE54-9A1E7A4F7556}") = "Hahn.ApplicationProcess.December2020.Web", "Hahn.ApplicationProcess.December2020.Web\Hahn.ApplicationProcess.December2020.Web.csproj", "{FC957E85-5286-44A4-B8F8-2A6EE631AE9F}"
EndProject
Project("{9A19103F-16F7-4668-BE54-9A1E7A4F7556}") = "Hahn.ApplicationProcess.December2020.Domain", "Hahn.ApplicationProcess.December2020.Domain\Hahn.ApplicationProcess.December2020.Domain.csproj", "{945FB5DD-C225-4BA7-839F-3272656AC468}"
EndProject
Project("{9A19103F-16F7-4668-BE54-9A1E7A4F7556}") = "Hahn.ApplicationProcess.December2020.Data", "Hahn.ApplicationProcess.December2020.Data\Hahn.ApplicationProcess.December2020.Data.csproj", "{9CBBB056-4AFF-4ED8-91C7-26D17B376D56}"
EndProject
Global
	GlobalSection(SolutionConfigurationPlatforms) = preSolution
		Debug|Any CPU = Debug|Any CPU
		Debug|x64 = Debug|x64
		Debug|x86 = Debug|x86
		Release|Any CPU = Release|Any CPU
		Release|x64 = Release|x64
		Release|x86 = Release|x86
	EndGlobalSection
	GlobalSection(ProjectConfigurationPlatforms) = postSolution
		{FC957E85-5286-44A4-B8F8-2A6EE631AE9F}.Debug|Any CPU.ActiveCfg = Debug|Any CPU
		{FC957E85-5286-44A4-B8F8-2A6EE631AE9F}.Debug|Any CPU.Build.0 = Debug|Any CPU
		{FC957E85-5286-44A4-B8F8-2A6EE631AE9F}.Debug|x64.ActiveCfg = Debug|Any CPU
		{FC957E85-5286-44A4-B8F8-2A6EE631AE9F}.Debug|x64.Build.0 = Debug|Any CPU
		{FC957E85-5286-44A4-B8F8-2A6EE631AE9F}.Debug|x86.ActiveCfg = Debug|Any CPU
		{FC957E85-5286-44A4-B8F8-2A6EE631AE9F}.Debug|x86.Build.0 = Debug|Any CPU
		{FC957E85-5286-44A4-B8F8-2A6EE631AE9F}.Release|Any CPU.ActiveCfg = Release|Any CPU
		{FC957E85-5286-44A4-B8F8-2A6EE631AE9F}.Release|Any CPU.Build.0 = Release|Any CPU
		{FC957E85-5286-44A4-B8F8-2A6EE631AE9F}.Release|x64.ActiveCfg = Release|Any CPU
		{FC957E85-5286-44A4-B8F8-2A6EE631AE9F}.Release|x64.Build.0 = Release|Any CPU
		{FC957E85-5286-44A4-B8F8-2A6EE631AE9F}.Release|x86.ActiveCfg = Release|Any CPU
		{FC957E85-5286-44A4-B8F8-2A6EE631AE9F}.Release|x86.Build.0 = Release|Any CPU
		{945FB5DD-C225-4BA7-839F-3272656AC468}.Debug|Any CPU.ActiveCfg = Debug|Any CPU
		{945FB5DD-C225-4BA7-839F-3272656AC468}.Debug|Any CPU.Build.0 = Debug|Any CPU
		{945FB5DD-C225-4BA7-839F-3272656AC468}.Debug|x64.ActiveCfg = Debug|Any CPU
		{945FB5DD-C225-4BA7-839F-3272656AC468}.Debug|x64.Build.0 = Debug|Any CPU
		{945FB5DD-C225-4BA7-839F-3272656AC468}.Debug|x86.ActiveCfg = Debug|Any CPU
		{945FB5DD-C225-4BA7-839F-3272656AC468}.Debug|x86.Build.0 = Debug|Any CPU
		{945FB5DD-C225-4BA7-839F-3272656AC468}.Release|Any CPU.ActiveCfg = Release|Any CPU
		{945FB5DD-C225-4BA7-839F-3272656AC468}.Release|Any CPU.Build.0 = Release|Any CPU
		{945FB5DD-C225-4BA7-839F-3272656AC468}.Release|x64.ActiveCfg = Release|Any CPU
		{945FB5DD-C225-4BA7-839F-3272656AC468}.Release|x64.Build.0 = Release|Any CPU
		{945FB5DD-C225-4BA7-839F-3272656AC468}.Release|x86.ActiveCfg = Release|Any CPU
		{945FB5DD-C225-4BA7-839F-3272656AC468}.Release|x86.Build.0 = Release|Any CPU
		{9CBBB056-4AFF-4ED8-91C7-26D17B376D56}.Debug|Any CPU.ActiveCfg = Debug|Any CPU
		{9CBBB056-4AFF-4ED8-91C7-26D17B376D56}.Debug|Any CPU.Build.0 = Debug|Any CPU
		{9CBBB056-4AFF-4ED8-91C7-26D17B376D56}.Debug|x64.ActiveCfg = Debug|Any CPU
		{9CBBB056-4AFF-4ED8-91C7-26D17B376D56}.Debug|x64.Build.0 = Debug|Any CPU
		{9CBBB056-4AFF-4ED8-91C7-26D17B376D56}.Debug|x86.ActiveCfg = Debug|Any CPU
		{9CBBB056-4AFF-4ED8-91C7-26D17B376D56}.Debug|x86.Build.0 = Debug|Any CPU
		{9CBBB056-4AFF-4ED8-91C7-26D17B376D56}.Release|Any CPU.ActiveCfg = Release|Any CPU
		{9CBBB056-4AFF-4ED8-91C7-26D17B376D56}.Release|Any CPU.Build.0 = Release|Any CPU
		{9CBBB056-4AFF-4ED8-91C7-26D17B376D56}.Release|x64.ActiveCfg = Release|Any CPU
		{9CBBB056-4AFF-4ED8-91C7-26D17B376D56}.Release|x64.Build.0 = Release|Any CPU
		{9CBBB056-4AFF-4ED8-91C7-26D17B376D56}.Release|x86.ActiveCfg = Release|Any CPU
		{9CBBB056-4AFF-4ED8-91C7-26D17B376D56}.Release|x86.Build.0 = Release|Any CPU
	EndGlobalSection
	GlobalSection(SolutionProperties) = preSolution
		HideSolutionNode = FALSE
	EndGlobalSection
	GlobalSection(ExtensibilityGlobals) = postSolution
		SolutionGuid = {BD543C86-D3CE-4B59-A296-0A2614F809DD}
	EndGlobalSection
EndGlobal
